{
  "name": "castlabs",
  "version": "1.0.0",
  "lockfileVersion": 2,
  "requires": true,
  "packages": {
    "": {
      "name": "castlabs",
      "version": "1.0.0",
      "license": "ISC",
      "dependencies": {
        "@castlabs/prestoplay": "^6.18.0"
      }
    },
    "node_modules/@castlabs/prestoplay": {
      "version": "6.18.0",
      "resolved": "https://registry.npmjs.org/@castlabs/prestoplay/-/prestoplay-6.18.0.tgz",
      "integrity": "sha512-HL9fxD/4Z+Uyo+uqUhzKBRyU+Z+Ys34nS6XJVCMFaQnCwvuiCfHc9a0JIgGt/e8HVaJ2iopEK1E4zkcBId5CjA==",
      "peerDependencies": {
        "@broadpeak/smartlib": "5.0.1-4c69e21",
        "@broadpeak/smartlib-all-compatibility": "5.0.1-4c69e21",
        "@broadpeak/smartlib-analytics": "5.0.1-4c69e21",
        "mux.js": "^5.14.1",
        "youboralib": "6.8.59"
      },
      "peerDependenciesMeta": {
        "@broadpeak/smartlib": {
          "optional": true
        },
        "@broadpeak/smartlib-all-compatibility": {
          "optional": true
        },
        "@broadpeak/smartlib-analytics": {
          "optional": true
        },
        "mux.js": {
          "optional": true
        },
        "youboralib": {
          "optional": true
        }
      }
    }
  },
  "dependencies": {
    "@castlabs/prestoplay": {
      "version": "6.18.0",
      "resolved": "https://registry.npmjs.org/@castlabs/prestoplay/-/prestoplay-6.18.0.tgz",
      "integrity": "sha512-HL9fxD/4Z+Uyo+uqUhzKBRyU+Z+Ys34nS6XJVCMFaQnCwvuiCfHc9a0JIgGt/e8HVaJ2iopEK1E4zkcBId5CjA==",
      "requires": {}
    }
  }
}
